{
  "nodes": {
    "nixpkgs": {
      "locked": {
        "lastModified": 1632047381,
        "narHash": "sha256-s35SFkylNfWwT4hPnxSP0gz5eTmpGaXdzTvRi5vZ4NA=",
        "owner": "NixOS",
        "repo": "nixpkgs",
        "rev": "32d34d819be4cfdeeeaea34bf96d82b3ab0f34d9",
        "type": "github"
      },
      "original": {
        "id": "nixpkgs",
        "type": "indirect"
      }
    },
    "root": {
      "inputs": {
        "nixpkgs": "nixpkgs"
      }
    }
  },
  "root": "root",
  "version": 7
}
